// !$*UTF8*$!
{
	archiveVersion = 1;
	classes = {
	};
	objectVersion = 46;
	objects = {

/* Begin PBXBuildFile section */
		CD3FFBD21E75AA6800440E15 /* AppDelegate.swift in Sources */ = {isa = PBXBuildFile; fileRef = CD3FFBD11E75AA6800440E15 /* AppDelegate.swift */; };
		CD3FFBD41E75AA6800440E15 /* ViewController.swift in Sources */ = {isa = PBXBuildFile; fileRef = CD3FFBD31E75AA6800440E15 /* ViewController.swift */; };
		CD3FFBD71E75AA6800440E15 /* Main.storyboard in Resources */ = {isa = PBXBuildFile; fileRef = CD3FFBD51E75AA6800440E15 /* Main.storyboard */; };
		CD3FFBD91E75AA6800440E15 /* Assets.xcassets in Resources */ = {isa = PBXBuildFile; fileRef = CD3FFBD81E75AA6800440E15 /* Assets.xcassets */; };
		CD3FFBDC1E75AA6800440E15 /* LaunchScreen.storyboard in Resources */ = {isa = PBXBuildFile; fileRef = CD3FFBDA1E75AA6800440E15 /* LaunchScreen.storyboard */; };
		CD3FFBE61E75BB3400440E15 /* IntegerNumber.swift in Sources */ = {isa = PBXBuildFile; fileRef = CD3FFBE51E75BB3400440E15 /* IntegerNumber.swift */; };
		CD3FFBE81E75C1D700440E15 /* Number.swift in Sources */ = {isa = PBXBuildFile; fileRef = CD3FFBE71E75C1D700440E15 /* Number.swift */; };
/* End PBXBuildFile section */

/* Begin PBXFileReference section */
		CD3FFBCE1E75AA6800440E15 /* Calculator.app */ = {isa = PBXFileReference; explicitFileType = wrapper.application; includeInIndex = 0; path = Calculator.app; sourceTree = BUILT_PRODUCTS_DIR; };
		CD3FFBD11E75AA6800440E15 /* AppDelegate.swift */ = {isa = PBXFileReference; lastKnownFileType = sourcecode.swift; path = AppDelegate.swift; sourceTree = "<group>"; };
		CD3FFBD31E75AA6800440E15 /* ViewController.swift */ = {isa = PBXFileReference; lastKnownFileType = sourcecode.swift; path = ViewController.swift; sourceTree = "<group>"; };
		CD3FFBD61E75AA6800440E15 /* Base */ = {isa = PBXFileReference; lastKnownFileType = file.storyboard; name = Base; path = Base.lproj/Main.storyboard; sourceTree = "<group>"; };
		CD3FFBD81E75AA6800440E15 /* Assets.xcassets */ = {isa = PBXFileReference; lastKnownFileType = folder.assetcatalog; path = Assets.xcassets; sourceTree = "<group>"; };
		CD3FFBDB1E75AA6800440E15 /* Base */ = {isa = PBXFileReference; lastKnownFileType = file.storyboard; name = Base; path = Base.lproj/LaunchScreen.storyboard; sourceTree = "<group>"; };
		CD3FFBDD1E75AA6800440E15 /* Info.plist */ = {isa = PBXFileReference; lastKnownFileType = text.plist.xml; path = Info.plist; sourceTree = "<group>"; };
		CD3FFBE51E75BB3400440E15 /* IntegerNumber.swift */ = {isa = PBXFileReference; fileEncoding = 4; lastKnownFileType = sourcecode.swift; path = IntegerNumber.swift; sourceTree = "<group>"; };
		CD3FFBE71E75C1D700440E15 /* Number.swift */ = {isa = PBXFileReference; fileEncoding = 4; lastKnownFileType = sourcecode.swift; path = Number.swift; sourceTree = "<group>"; };
/* End PBXFileReference section */

/* Begin PBXFrameworksBuildPhase section */
		CD3FFBCB1E75AA6800440E15 /* Frameworks */ = {
			isa = PBXFrameworksBuildPhase;
			buildActionMask = 2147483647;
			files = (
			);
			runOnlyForDeploymentPostprocessing = 0;
		};
/* End PBXFrameworksBuildPhase section */

/* Begin PBXGroup section */
		CD3FFBC51E75AA6800440E15 = {
			isa = PBXGroup;
			children = (
				CD3FFBD01E75AA6800440E15 /* Calculator */,
				CD3FFBCF1E75AA6800440E15 /* Products */,
			);
			sourceTree = "<group>";
		};
		CD3FFBCF1E75AA6800440E15 /* Products */ = {
			isa = PBXGroup;
			children = (
				CD3FFBCE1E75AA6800440E15 /* Calculator.app */,
			);
			name = Products;
			sourceTree = "<group>";
		};
		CD3FFBD01E75AA6800440E15 /* Calculator */ = {
			isa = PBXGroup;
			children = (
				CD3FFBE41E75BB2100440E15 /* CustomClasses */,
				CD3FFBD31E75AA6800440E15 /* ViewController.swift */,
				CD3FFBD51E75AA6800440E15 /* Main.storyboard */,
				CD3FFBE31E75AB2700440E15 /* Supporting Files */,
			);
			path = Calculator;
			sourceTree = "<group>";
		};
		CD3FFBE31E75AB2700440E15 /* Supporting Files */ = {
			isa = PBXGroup;
			children = (
				CD3FFBD11E75AA6800440E15 /* AppDelegate.swift */,
				CD3FFBD81E75AA6800440E15 /* Assets.xcassets */,
				CD3FFBDA1E75AA6800440E15 /* LaunchScreen.storyboard */,
				CD3FFBDD1E75AA6800440E15 /* Info.plist */,
			);
			name = "Supporting Files";
			sourceTree = "<group>";
		};
		CD3FFBE41E75BB2100440E15 /* CustomClasses */ = {
			isa = PBXGroup;
			children = (
				CD3FFBE51E75BB3400440E15 /* IntegerNumber.swift */,
				CD3FFBE71E75C1D700440E15 /* Number.swift */,
			);
			name = CustomClasses;
			sourceTree = "<group>";
		};
/* End PBXGroup section */

/* Begin PBXNativeTarget section */
		CD3FFBCD1E75AA6800440E15 /* Calculator */ = {
			isa = PBXNativeTarget;
			buildConfigurationList = CD3FFBE01E75AA6800440E15 /* Build configuration list for PBXNativeTarget "Calculator" */;
			buildPhases = (
				CD3FFBCA1E75AA6800440E15 /* Sources */,
				CD3FFBCB1E75AA6800440E15 /* Frameworks */,
				CD3FFBCC1E75AA6800440E15 /* Resources */,
			);
			buildRules = (
			);
			dependencies = (
			);
			name = Calculator;
			productName = Calculator;
			productReference = CD3FFBCE1E75AA6800440E15 /* Calculator.app */;
			productType = "com.apple.product-type.application";
		};
/* End PBXNativeTarget section */

/* Begin PBXProject section */
		CD3FFBC61E75AA6800440E15 /* Project object */ = {
			isa = PBXProject;
			attributes = {
				LastSwiftUpdateCheck = 0820;
				LastUpgradeCheck = 0820;
				ORGANIZATIONNAME = "Tudor Avram";
				TargetAttributes = {
					CD3FFBCD1E75AA6800440E15 = {
						CreatedOnToolsVersion = 8.2.1;
						DevelopmentTeam = 5A522G79FX;
						ProvisioningStyle = Automatic;
					};
				};
			};
			buildConfigurationList = CD3FFBC91E75AA6800440E15 /* Build configuration list for PBXProject "Calculator" */;
			compatibilityVersion = "Xcode 3.2";
			developmentRegion = English;
			hasScannedForEncodings = 0;
			knownRegions = (
				en,
				Base,
			);
			mainGroup = CD3FFBC51E75AA6800440E15;
			productRefGroup = CD3FFBCF1E75AA6800440E15 /* Products */;
			projectDirPath = "";
			projectRoot = "";
			targets = (
				CD3FFBCD1E75AA6800440E15 /* Calculator */,
			);
		};
/* End PBXProject section */

/* Begin PBXResourcesBuildPhase section */
		CD3FFBCC1E75AA6800440E15 /* Resources */ = {
			isa = PBXResourcesBuildPhase;
			buildActionMask = 2147483647;
			files = (
				CD3FFBDC1E75AA6800440E15 /* LaunchScreen.storyboard in Resources */,
				CD3FFBD91E75AA6800440E15 /* Assets.xcassets in Resources */,
				CD3FFBD71E75AA6800440E15 /* Main.storyboard in Resources */,
			);
			runOnlyForDeploymentPostprocessing = 0;
		};
/* End PBXResourcesBuildPhase section */

/* Begin PBXSourcesBuildPhase section */
		CD3FFBCA1E75AA6800440E15 /* Sources */ = {
			isa = PBXSourcesBuildPhase;
			buildActionMask = 2147483647;
			files = (
				CD3FFBE81E75C1D700440E15 /* Number.swift in Sources */,
				CD3FFBD41E75AA6800440E15 /* ViewController.swift in Sources */,
				CD3FFBD21E75AA6800440E15 /* AppDelegate.swift in Sources */,
				CD3FFBE61E75BB3400440E15 /* IntegerNumber.swift in Sources */,
			);
			runOnlyForDeploymentPostprocessing = 0;
		};
/* End PBXSourcesBuildPhase section */

/* Begin PBXVariantGroup section */
		CD3FFBD51E75AA6800440E15 /* Main.storyboard */ = {
			isa = PBXVariantGroup;
			children = (
				CD3FFBD61E75AA6800440E15 /* Base */,
			);
			name = Main.storyboard;
			sourceTree = "<group>";
		};
		CD3FFBDA1E75AA6800440E15 /* LaunchScreen.storyboard */ = {
			isa = PBXVariantGroup;
			children = (
				CD3FFBDB1E75AA6800440E15 /* Base */,
			);
			name = LaunchScreen.storyboard;
			sourceTree = "<group>";
		};
/* End PBXVariantGroup section */

/* Begin XCBuildConfiguration section */
		CD3FFBDE1E75AA6800440E15 /* Debug */ = {
			isa = XCBuildConfiguration;
			buildSettings = {
				ALWAYS_SEARCH_USER_PATHS = NO;
				CLANG_ANALYZER_NONNULL = YES;
				CLANG_CXX_LANGUAGE_STANDARD = "gnu++0x";
				CLANG_CXX_LIBRARY = "libc++";
				CLANG_ENABLE_MODULES = YES;
				CLANG_ENABLE_OBJC_ARC = YES;
				CLANG_WARN_BOOL_CONVERSION = YES;
				CLANG_WARN_CONSTANT_CONVERSION = YES;
				CLANG_WARN_DIRECT_OBJC_ISA_USAGE = YES_ERROR;
				CLANG_WARN_DOCUMENTATION_COMMENTS = YES;
				CLANG_WARN_EMPTY_BODY = YES;
				CLANG_WARN_ENUM_CONVERSION = YES;
				CLANG_WARN_INFINITE_RECURSION = YES;
				CLANG_WARN_INT_CONVERSION = YES;
				CLANG_WARN_OBJC_ROOT_CLASS = YES_ERROR;
				CLANG_WARN_SUSPICIOUS_MOVE = YES;
				CLANG_WARN_UNREACHABLE_CODE = YES;
				CLANG_WARN__DUPLICATE_METHOD_MATCH = YES;
				"CODE_SIGN_IDENTITY[sdk=iphoneos*]" = "iPhone Developer";
				COPY_PHASE_STRIP = NO;
				DEBUG_INFORMATION_FORMAT = dwarf;
				ENABLE_STRICT_OBJC_MSGSEND = YES;
				ENABLE_TESTABILITY = YES;
				GCC_C_LANGUAGE_STANDARD = gnu99;
				GCC_DYNAMIC_NO_PIC = NO;
				GCC_NO_COMMON_BLOCKS = YES;
				GCC_OPTIMIZATION_LEVEL = 0;
				GCC_PREPROCESSOR_DEFINITIONS = (
					"DEBUG=1",
					"$(inherited)",
				);
				GCC_WARN_64_TO_32_BIT_CONVERSION = YES;
				GCC_WARN_ABOUT_RETURN_TYPE = YES_ERROR;
				GCC_WARN_UNDECLARED_SELECTOR = YES;
				GCC_WARN_UNINITIALIZED_AUTOS = YES_AGGRESSIVE;
				GCC_WARN_UNUSED_FUNCTION = YES;
				GCC_WARN_UNUSED_VARIABLE = YES;
				IPHONEOS_DEPLOYMENT_TARGET = 10.2;
				MTL_ENABLE_DEBUG_INFO = YES;
				ONLY_ACTIVE_ARCH = YES;
				SDKROOT = iphoneos;
				SWIFT_ACTIVE_COMPILATION_CONDITIONS = DEBUG;
				SWIFT_OPTIMIZATION_LEVEL = "-Onone";
				TARGETED_DEVICE_FAMILY = "1,2";
			};
			name = Debug;
		};
		CD3FFBDF1E75AA6800440E15 /* Release */ = {
			isa = XCBuildConfiguration;
			buildSettings = {
				ALWAYS_SEARCH_USER_PATHS = NO;
				CLANG_ANALYZER_NONNULL = YES;
				CLANG_CXX_LANGUAGE_STANDARD = "gnu++0x";
				CLANG_CXX_LIBRARY = "libc++";
				CLANG_ENABLE_MODULES = YES;
				CLANG_ENABLE_OBJC_ARC = YES;
				CLANG_WARN_BOOL_CONVERSION = YES;
				CLANG_WARN_CONSTANT_CONVERSION = YES;
				CLANG_WARN_DIRECT_OBJC_ISA_USAGE = YES_ERROR;
				CLANG_WARN_DOCUMENTATION_COMMENTS = YES;
				CLANG_WARN_EMPTY_BODY = YES;
				CLANG_WARN_ENUM_CONVERSION = YES;
				CLANG_WARN_INFINITE_RECURSION = YES;
				CLANG_WARN_INT_CONVERSION = YES;
				CLANG_WARN_OBJC_ROOT_CLASS = YES_ERROR;
				CLANG_WARN_SUSPICIOUS_MOVE = YES;
				CLANG_WARN_UNREACHABLE_CODE = YES;
				CLANG_WARN__DUPLICATE_METHOD_MATCH = YES;
				"CODE_SIGN_IDENTITY[sdk=iphoneos*]" = "iPhone Developer";
				COPY_PHASE_STRIP = NO;
				DEBUG_INFORMATION_FORMAT = "dwarf-with-dsym";
				ENABLE_NS_ASSERTIONS = NO;
				ENABLE_STRICT_OBJC_MSGSEND = YES;
				GCC_C_LANGUAGE_STANDARD = gnu99;
				GCC_NO_COMMON_BLOCKS = YES;
				GCC_WARN_64_TO_32_BIT_CONVERSION = YES;
				GCC_WARN_ABOUT_RETURN_TYPE = YES_ERROR;
				GCC_WARN_UNDECLARED_SELECTOR = YES;
				GCC_WARN_UNINITIALIZED_AUTOS = YES_AGGRESSIVE;
				GCC_WARN_UNUSED_FUNCTION = YES;
				GCC_WARN_UNUSED_VARIABLE = YES;
				IPHONEOS_DEPLOYMENT_TARGET = 10.2;
				MTL_ENABLE_DEBUG_INFO = NO;
				SDKROOT = iphoneos;
				SWIFT_OPTIMIZATION_LEVEL = "-Owholemodule";
				TARGETED_DEVICE_FAMILY = "1,2";
				VALIDATE_PRODUCT = YES;
			};
			name = Release;
		};
		CD3FFBE11E75AA6800440E15 /* Debug */ = {
			isa = XCBuildConfiguration;
			buildSettings = {
				ASSETCATALOG_COMPILER_APPICON_NAME = AppIcon;
				DEVELOPMENT_TEAM = 5A522G79FX;
				INFOPLIST_FILE = Calculator/Info.plist;
				LD_RUNPATH_SEARCH_PATHS = "$(inherited) @executable_path/Frameworks";
				PRODUCT_BUNDLE_IDENTIFIER = tma33.Calculator;
				PRODUCT_NAME = "$(TARGET_NAME)";
				SWIFT_VERSION = 3.0;
			};
			name = Debug;
		};
		CD3FFBE21E75AA6800440E15 /* Release */ = {
			isa = XCBuildConfiguration;
			buildSettings = {
				ASSETCATALOG_COMPILER_APPICON_NAME = AppIcon;
				DEVELOPMENT_TEAM = 5A522G79FX;
				INFOPLIST_FILE = Calculator/Info.plist;
				LD_RUNPATH_SEARCH_PATHS = "$(inherited) @executable_path/Frameworks";
				PRODUCT_BUNDLE_IDENTIFIER = tma33.Calculator;
				PRODUCT_NAME = "$(TARGET_NAME)";
				SWIFT_VERSION = 3.0;
			};
			name = Release;
		};
/* End XCBuildConfiguration section */

/* Begin XCConfigurationList section */
		CD3FFBC91E75AA6800440E15 /* Build configuration list for PBXProject "Calculator" */ = {
			isa = XCConfigurationList;
			buildConfigurations = (
				CD3FFBDE1E75AA6800440E15 /* Debug */,
				CD3FFBDF1E75AA6800440E15 /* Release */,
			);
			defaultConfigurationIsVisible = 0;
			defaultConfigurationName = Release;
		};
		CD3FFBE01E75AA6800440E15 /* Build configuration list for PBXNativeTarget "Calculator" */ = {
			isa = XCConfigurationList;
			buildConfigurations = (
				CD3FFBE11E75AA6800440E15 /* Debug */,
				CD3FFBE21E75AA6800440E15 /* Release */,
			);
			defaultConfigurationIsVisible = 0;
		};
/* End XCConfigurationList section */
	};
	rootObject = CD3FFBC61E75AA6800440E15 /* Project object */;
}
